{
    "_readme": [
        "This file locks the dependencies of your project to a known state",
        "Read more about it at https://getcomposer.org/doc/01-basic-usage.md#installing-dependencies",
        "This file is @generated automatically"
    ],
    "content-hash": "9a3e71a409c51c37780f06f8e652588d",
    "packages": [],
    "packages-dev": [
        {
            "name": "caprel/dolibarr-stubs",
            "version": "v18.0",
            "source": {
                "type": "git",
                "url": "https://github.com/rycks/dolibarr-stubs.git",
                "reference": "2b903f10ac5259e78ea52910b31802c018880bc2"
            },
            "dist": {
                "type": "zip",
                "url": "https://api.github.com/repos/rycks/dolibarr-stubs/zipball/2b903f10ac5259e78ea52910b31802c018880bc2",
                "reference": "2b903f10ac5259e78ea52910b31802c018880bc2",
                "shasum": ""
            },
            "require-dev": {
                "php-stubs/generator": "^0.8.4"
            },
            "type": "library",
            "notification-url": "https://packagist.org/downloads/",
            "support": {
                "issues": "https://github.com/rycks/dolibarr-stubs/issues",
                "source": "https://github.com/rycks/dolibarr-stubs/tree/v18.0"
            },
            "time": "2023-10-20T13:03:23+00:00"
        }
    ],
    "aliases": [],
    "minimum-stability": "stable",
    "stability-flags": [],
    "prefer-stable": false,
    "prefer-lowest": false,
    "platform": [],
    "platform-dev": [],
    "plugin-api-version": "2.3.0"
}
